
Microsoft Visual Studio Solution File, Format Version 12.00
# Visual Studio Version 17
VisualStudioVersion = 17.9.34728.123
MinimumVisualStudioVersion = 10.0.40219.1
Project("{FAE04EC0-301F-11D3-BF4B-00C04F79EFBC}") = "SpanishHelper", "SpanishHelper\SpanishHelper.csproj", "{FECA4FB9-B40F-4443-AC2C-114168D89642}"
EndProject
Global
	GlobalSection(SolutionConfigurationPlatforms) = preSolution
		Debug|Any CPU = Debug|Any CPU
		Release|Any CPU = Release|Any CPU
	EndGlobalSection
	GlobalSection(ProjectConfigurationPlatforms) = postSolution
		{FECA4FB9-B40F-4443-AC2C-114168D89642}.Debug|Any CPU.ActiveCfg = Debug|Any CPU
		{FECA4FB9-B40F-4443-AC2C-114168D89642}.Debug|Any CPU.Build.0 = Debug|Any CPU
		{FECA4FB9-B40F-4443-AC2C-114168D89642}.Release|Any CPU.ActiveCfg = Release|Any CPU
		{FECA4FB9-B40F-4443-AC2C-114168D89642}.Release|Any CPU.Build.0 = Release|Any CPU
	EndGlobalSection
	GlobalSection(SolutionProperties) = preSolution
		HideSolutionNode = FALSE
	EndGlobalSection
	GlobalSection(ExtensibilityGlobals) = postSolution
		SolutionGuid = {DA8970DB-1E1B-46AA-8135-5E3176C3B480}
	EndGlobalSection
EndGlobal
